
Microsoft Visual Studio Solution File, Format Version 12.00
# Visual Studio Version 17
VisualStudioVersion = 17.7.34024.191
MinimumVisualStudioVersion = 10.0.40219.1
Project("{FAE04EC0-301F-11D3-BF4B-00C04F79EFBC}") = "webApi", "webApi\webApi.csproj", "{C7266E19-ABFF-48E7-B6C7-2D2BF4F730FB}"
EndProject
Project("{FAE04EC0-301F-11D3-BF4B-00C04F79EFBC}") = "webApp", "webApp\webApp.csproj", "{4808DFD5-6196-4F1F-B281-F212375D4550}"
EndProject
Global
	GlobalSection(SolutionConfigurationPlatforms) = preSolution
		Debug|Any CPU = Debug|Any CPU
		Release|Any CPU = Release|Any CPU
	EndGlobalSection
	GlobalSection(ProjectConfigurationPlatforms) = postSolution
		{C7266E19-ABFF-48E7-B6C7-2D2BF4F730FB}.Debug|Any CPU.ActiveCfg = Debug|Any CPU
		{C7266E19-ABFF-48E7-B6C7-2D2BF4F730FB}.Debug|Any CPU.Build.0 = Debug|Any CPU
		{C7266E19-ABFF-48E7-B6C7-2D2BF4F730FB}.Release|Any CPU.ActiveCfg = Release|Any CPU
		{C7266E19-ABFF-48E7-B6C7-2D2BF4F730FB}.Release|Any CPU.Build.0 = Release|Any CPU
		{4808DFD5-6196-4F1F-B281-F212375D4550}.Debug|Any CPU.ActiveCfg = Debug|Any CPU
		{4808DFD5-6196-4F1F-B281-F212375D4550}.Debug|Any CPU.Build.0 = Debug|Any CPU
		{4808DFD5-6196-4F1F-B281-F212375D4550}.Release|Any CPU.ActiveCfg = Release|Any CPU
		{4808DFD5-6196-4F1F-B281-F212375D4550}.Release|Any CPU.Build.0 = Release|Any CPU
	EndGlobalSection
	GlobalSection(SolutionProperties) = preSolution
		HideSolutionNode = FALSE
	EndGlobalSection
	GlobalSection(ExtensibilityGlobals) = postSolution
		SolutionGuid = {13A93825-43E5-4D66-A064-0624DE6BD206}
	EndGlobalSection
EndGlobal
